
Microsoft Visual Studio Solution File, Format Version 12.00
# Visual Studio Version 16
VisualStudioVersion = 16.0.31205.134
MinimumVisualStudioVersion = 10.0.40219.1
Project("{FAE04EC0-301F-11D3-BF4B-00C04F79EFBC}") = "SalesWebMvc", "SalesWebMvc\SalesWebMvc.csproj", "{E7BAC3D6-0DE2-4D50-BBD7-E91EAC50D546}"
EndProject
Global
	GlobalSection(SolutionConfigurationPlatforms) = preSolution
		Debug|Any CPU = Debug|Any CPU
		Release|Any CPU = Release|Any CPU
	EndGlobalSection
	GlobalSection(ProjectConfigurationPlatforms) = postSolution
		{E7BAC3D6-0DE2-4D50-BBD7-E91EAC50D546}.Debug|Any CPU.ActiveCfg = Debug|Any CPU
		{E7BAC3D6-0DE2-4D50-BBD7-E91EAC50D546}.Debug|Any CPU.Build.0 = Debug|Any CPU
		{E7BAC3D6-0DE2-4D50-BBD7-E91EAC50D546}.Release|Any CPU.ActiveCfg = Release|Any CPU
		{E7BAC3D6-0DE2-4D50-BBD7-E91EAC50D546}.Release|Any CPU.Build.0 = Release|Any CPU
	EndGlobalSection
	GlobalSection(SolutionProperties) = preSolution
		HideSolutionNode = FALSE
	EndGlobalSection
	GlobalSection(ExtensibilityGlobals) = postSolution
		SolutionGuid = {4A31434D-BE2F-4BA7-99C6-1C57F9476C4B}
	EndGlobalSection
EndGlobal
